
Microsoft Visual Studio Solution File, Format Version 12.00
Project("{FAE04EC0-301F-11D3-BF4B-00C04F79EFBC}") = "CodeStuff", "CodeStuff\CodeStuff.csproj", "{4DE8889A-ADA1-426A-9ED8-675D21E91BB8}"
EndProject
Global
	GlobalSection(SolutionConfigurationPlatforms) = preSolution
		Debug|Any CPU = Debug|Any CPU
		Release|Any CPU = Release|Any CPU
	EndGlobalSection
	GlobalSection(ProjectConfigurationPlatforms) = postSolution
		{4DE8889A-ADA1-426A-9ED8-675D21E91BB8}.Debug|Any CPU.ActiveCfg = Debug|Any CPU
		{4DE8889A-ADA1-426A-9ED8-675D21E91BB8}.Debug|Any CPU.Build.0 = Debug|Any CPU
		{4DE8889A-ADA1-426A-9ED8-675D21E91BB8}.Release|Any CPU.ActiveCfg = Release|Any CPU
		{4DE8889A-ADA1-426A-9ED8-675D21E91BB8}.Release|Any CPU.Build.0 = Release|Any CPU
	EndGlobalSection
EndGlobal
